<?xml version="1.0" encoding="utf-8"?>
<Project ToolsVersion="4.0" xmlns="http://schemas.microsoft.com/developer/msbuild/2003">
  <ItemGroup>
    <Filter Include="Source Files">
      <UniqueIdentifier>{4FC737F1-C7A5-4376-A066-2A32D752A2FF}</UniqueIdentifier>
      <Extensions>cpp;c;cc;cxx;def;odl;idl;hpj;bat;asm;asmx</Extensions>
    </Filter>
    <Filter Include="Header Files">
      <UniqueIdentifier>{93995380-89BD-4b04-88EB-625FBE52EBFB}</UniqueIdentifier>
      <Extensions>h;hh;hpp;hxx;hm;inl;inc;xsd</Extensions>
    </Filter>
    <Filter Include="Resource Files">
      <UniqueIdentifier>{67DA6AB6-F800-4c08-8B7A-83BB121AAD01}</UniqueIdentifier>
      <Extensions>rc;ico;cur;bmp;dlg;rc2;rct;bin;rgs;gif;jpg;jpeg;jpe;resx;tiff;tif;png;wav;mfcribbon-ms</Extensions>
    </Filter>
    <Filter Include="Source Files\Launcher">
      <UniqueIdentifier>{3208d409-bd5c-4a00-85fd-72d818b10f3c}</UniqueIdentifier>
    </Filter>
    <Filter Include="Header Files\Launcher">
      <UniqueIdentifier>{5c60bae8-16f1-4095-b7c3-90d7cac10157}</UniqueIdentifier>
    </Filter>
    <Filter Include="Source Files\Sell Store">
      <UniqueIdentifier>{cf5a9d8d-b32e-4493-845c-45b2b830c25c}</UniqueIdentifier>
    </Filter>
    <Filter Include="Header Files\Sell Store">
      <UniqueIdentifier>{b8bf382f-d767-471d-932f-a301288387dd}</UniqueIdentifier>
    </Filter>
    <Filter Include="Header Files\Config">
      <UniqueIdentifier>{d83c35e7-8f3c-449a-9f1c-c59fec03d371}</UniqueIdentifier>
    </Filter>
  </ItemGroup>
  <ItemGroup>
    <Text Include="ReadMe.txt" />
  </ItemGroup>
  <ItemGroup>
    <ClInclude Include="stdafx.h">
      <Filter>Header Files</Filter>
    </ClInclude>
    <ClInclude Include="targetver.h">
      <Filter>Header Files</Filter>
    </ClInclude>
    <ClInclude Include="cryptography.h">
      <Filter>Header Files</Filter>
    </ClInclude>
    <ClInclude Include="PacketProgramBoost.h">
      <Filter>Header Files</Filter>
    </ClInclude>
    <ClInclude Include="PacketProgram.h">
      <Filter>Header Files</Filter>
    </ClInclude>
    <ClInclude Include="Packet.h">
      <Filter>Header Files</Filter>
    </ClInclude>
    <ClInclude Include="PacketReception.h">
      <Filter>Header Files</Filter>
    </ClInclude>
    <ClInclude Include="PacketData.h">
      <Filter>Header Files</Filter>
    </ClInclude>
    <ClInclude Include="ManagePlayers.h">
      <Filter>Header Files</Filter>
    </ClInclude>
    <ClInclude Include="Waypoint.h">
      <Filter>Header Files</Filter>
    </ClInclude>
    <ClInclude Include="BotClass.h">
      <Filter>Header Files</Filter>
    </ClInclude>
    <ClInclude Include="UseSkills.h">
      <Filter>Header Files</Filter>
    </ClInclude>
    <ClInclude Include="MonsterInterraction.h">
      <Filter>Header Files</Filter>
    </ClInclude>
    <ClInclude Include="DataFileSaving.h">
      <Filter>Header Files</Filter>
    </ClInclude>
    <ClInclude Include="DllInject.h">
      <Filter>Header Files</Filter>
    </ClInclude>
    <ClInclude Include="Contracts.h">
      <Filter>Header Files</Filter>
    </ClInclude>
    <ClInclude Include="Pattern.h">
      <Filter>Header Files</Filter>
    </ClInclude>
    <ClInclude Include="TeraLauncher.h">
      <Filter>Header Files\Launcher</Filter>
    </ClInclude>
    <ClInclude Include="ItemInterraction.h">
      <Filter>Header Files\Sell Store</Filter>
    </ClInclude>
    <ClInclude Include="ConfigFile.h">
      <Filter>Header Files\Config</Filter>
    </ClInclude>
  </ItemGroup>
  <ItemGroup>
    <ClCompile Include="stdafx.cpp">
      <Filter>Source Files</Filter>
    </ClCompile>
    <ClCompile Include="PacketProgram.cpp">
      <Filter>Source Files</Filter>
    </ClCompile>
    <ClCompile Include="cryptography.cpp">
      <Filter>Source Files</Filter>
    </ClCompile>
    <ClCompile Include="PacketProgramBoost.cpp">
      <Filter>Source Files</Filter>
    </ClCompile>
    <ClCompile Include="Packet.cpp">
      <Filter>Source Files</Filter>
    </ClCompile>
    <ClCompile Include="PacketReception.cpp">
      <Filter>Source Files</Filter>
    </ClCompile>
    <ClCompile Include="PacketData.cpp">
      <Filter>Source Files</Filter>
    </ClCompile>
    <ClCompile Include="PacketInfo.cpp">
      <Filter>Source Files</Filter>
    </ClCompile>
    <ClCompile Include="ManagePlayers.cpp">
      <Filter>Source Files</Filter>
    </ClCompile>
    <ClCompile Include="Waypoint.cpp">
      <Filter>Source Files</Filter>
    </ClCompile>
    <ClCompile Include="UseSkills.cpp">
      <Filter>Source Files</Filter>
    </ClCompile>
    <ClCompile Include="MonsterInterraction.cpp">
      <Filter>Source Files</Filter>
    </ClCompile>
    <ClCompile Include="DataFileSaving.cpp">
      <Filter>Source Files</Filter>
    </ClCompile>
    <ClCompile Include="DllInject.cpp">
      <Filter>Source Files</Filter>
    </ClCompile>
    <ClCompile Include="ConfigFile.cpp">
      <Filter>Source Files</Filter>
    </ClCompile>
    <ClCompile Include="Contrats.cpp">
      <Filter>Source Files</Filter>
    </ClCompile>
    <ClCompile Include="Pattern.cpp">
      <Filter>Source Files</Filter>
    </ClCompile>
    <ClCompile Include="BotClass.cpp">
      <Filter>Source Files</Filter>
    </ClCompile>
    <ClCompile Include="TeraLauncher.cpp">
      <Filter>Source Files\Launcher</Filter>
    </ClCompile>
    <ClCompile Include="ItemInterraction.cpp">
      <Filter>Source Files\Sell Store</Filter>
    </ClCompile>
  </ItemGroup>
</Project>